
Microsoft Visual Studio Solution File, Format Version 12.00
# Visual Studio Version 16
VisualStudioVersion = 16.0.31205.134
MinimumVisualStudioVersion = 10.0.40219.1
Project("{FAE04EC0-301F-11D3-BF4B-00C04F79EFBC}") = "assign8", "assign8.csproj", "{0558DFA6-9700-45BE-B287-3244587A249B}"
EndProject
Global
	GlobalSection(SolutionConfigurationPlatforms) = preSolution
		Debug|Any CPU = Debug|Any CPU
		Release|Any CPU = Release|Any CPU
	EndGlobalSection
	GlobalSection(ProjectConfigurationPlatforms) = postSolution
		{0558DFA6-9700-45BE-B287-3244587A249B}.Debug|Any CPU.ActiveCfg = Debug|Any CPU
		{0558DFA6-9700-45BE-B287-3244587A249B}.Debug|Any CPU.Build.0 = Debug|Any CPU
		{0558DFA6-9700-45BE-B287-3244587A249B}.Release|Any CPU.ActiveCfg = Release|Any CPU
		{0558DFA6-9700-45BE-B287-3244587A249B}.Release|Any CPU.Build.0 = Release|Any CPU
	EndGlobalSection
	GlobalSection(SolutionProperties) = preSolution
		HideSolutionNode = FALSE
	EndGlobalSection
	GlobalSection(ExtensibilityGlobals) = postSolution
		SolutionGuid = {830F6083-CB39-4F4E-A42B-0C92BEBE6C47}
	EndGlobalSection
EndGlobal
