
Microsoft Visual Studio Solution File, Format Version 12.00
# Visual Studio Version 16
VisualStudioVersion = 16.0.31205.134
MinimumVisualStudioVersion = 10.0.40219.1
Project("{FAE04EC0-301F-11D3-BF4B-00C04F79EFBC}") = "Assignment9_Lighty", "Assignment9_Lighty.csproj", "{33FA9E7A-CD12-45B9-A50A-9750AF422BB6}"
EndProject
Global
	GlobalSection(SolutionConfigurationPlatforms) = preSolution
		Debug|Any CPU = Debug|Any CPU
		Release|Any CPU = Release|Any CPU
	EndGlobalSection
	GlobalSection(ProjectConfigurationPlatforms) = postSolution
		{33FA9E7A-CD12-45B9-A50A-9750AF422BB6}.Debug|Any CPU.ActiveCfg = Debug|Any CPU
		{33FA9E7A-CD12-45B9-A50A-9750AF422BB6}.Debug|Any CPU.Build.0 = Debug|Any CPU
		{33FA9E7A-CD12-45B9-A50A-9750AF422BB6}.Release|Any CPU.ActiveCfg = Release|Any CPU
		{33FA9E7A-CD12-45B9-A50A-9750AF422BB6}.Release|Any CPU.Build.0 = Release|Any CPU
	EndGlobalSection
	GlobalSection(SolutionProperties) = preSolution
		HideSolutionNode = FALSE
	EndGlobalSection
	GlobalSection(ExtensibilityGlobals) = postSolution
		SolutionGuid = {22B31E58-42A4-4CD0-B8A8-F3C9F997F2C9}
	EndGlobalSection
EndGlobal
